// !$*UTF8*$!
{
	archiveVersion = 1;
	classes = {
	};
	objectVersion = 56;
	objects = {

/* Begin PBXBuildFile section */
		7B592E852C0E251F00E47797 /* WorkSpaceXApp.swift in Sources */ = {isa = PBXBuildFile; fileRef = 7B592E842C0E251F00E47797 /* WorkSpaceXApp.swift */; };
		7B592E892C0E252000E47797 /* Assets.xcassets in Resources */ = {isa = PBXBuildFile; fileRef = 7B592E882C0E252000E47797 /* Assets.xcassets */; };
		7B592E8C2C0E252000E47797 /* Preview Assets.xcassets in Resources */ = {isa = PBXBuildFile; fileRef = 7B592E8B2C0E252000E47797 /* Preview Assets.xcassets */; };
		7B592E932C0E255F00E47797 /* .gitignore in Resources */ = {isa = PBXBuildFile; fileRef = 7B592E922C0E255F00E47797 /* .gitignore */; };
		7B592E9B2C0E274D00E47797 /* APIKey.swift in Sources */ = {isa = PBXBuildFile; fileRef = 7B592E9A2C0E274D00E47797 /* APIKey.swift */; };
		7B592E9F2C0E27E800E47797 /* ButtonWrapper.swift in Sources */ = {isa = PBXBuildFile; fileRef = 7B592E9E2C0E27E800E47797 /* ButtonWrapper.swift */; };
		7B592EA12C0E283D00E47797 /* Const.swift in Sources */ = {isa = PBXBuildFile; fileRef = 7B592EA02C0E283D00E47797 /* Const.swift */; };
		7B592EA42C0E289C00E47797 /* SplashView.swift in Sources */ = {isa = PBXBuildFile; fileRef = 7B592EA32C0E289C00E47797 /* SplashView.swift */; };
		7B592EA82C0E28E700E47797 /* WSXFont.swift in Sources */ = {isa = PBXBuildFile; fileRef = 7B592EA72C0E28E700E47797 /* WSXFont.swift */; };
		7B592EAA2C0E294200E47797 /* WSXImage.swift in Sources */ = {isa = PBXBuildFile; fileRef = 7B592EA92C0E294200E47797 /* WSXImage.swift */; };
		7B592EB82C0EC3EA00E47797 /* RootView.swift in Sources */ = {isa = PBXBuildFile; fileRef = 7B592EB72C0EC3EA00E47797 /* RootView.swift */; };
		7B592EBA2C0EC45C00E47797 /* OnboardingView.swift in Sources */ = {isa = PBXBuildFile; fileRef = 7B592EB92C0EC45C00E47797 /* OnboardingView.swift */; };
		7B592EBC2C0EC5C900E47797 /* WSXColor.swift in Sources */ = {isa = PBXBuildFile; fileRef = 7B592EBB2C0EC5C900E47797 /* WSXColor.swift */; };
		7B592EBF2C0EC98C00E47797 /* StartButtonModifier.swift in Sources */ = {isa = PBXBuildFile; fileRef = 7B592EBE2C0EC98C00E47797 /* StartButtonModifier.swift */; };
		7B592EC12C0ECA8900E47797 /* OnboardingLoginView .swift in Sources */ = {isa = PBXBuildFile; fileRef = 7B592EC02C0ECA8900E47797 /* OnboardingLoginView .swift */; };
		7B592EC32C0ECDDC00E47797 /* CommonButtonModifer.swift in Sources */ = {isa = PBXBuildFile; fileRef = 7B592EC22C0ECDDC00E47797 /* CommonButtonModifer.swift */; };
		7B592EC52C0ECFB700E47797 /* OnboardingFeature.swift in Sources */ = {isa = PBXBuildFile; fileRef = 7B592EC42C0ECFB700E47797 /* OnboardingFeature.swift */; };
		7B592EC72C0ED14000E47797 /* OnboardingLoginFeature.swift in Sources */ = {isa = PBXBuildFile; fileRef = 7B592EC62C0ED14000E47797 /* OnboardingLoginFeature.swift */; };
		7B592ECA2C0EE13200E47797 /* SignUpView.swift in Sources */ = {isa = PBXBuildFile; fileRef = 7B592EC92C0EE13200E47797 /* SignUpView.swift */; };
		7B592ECE2C0EE30700E47797 /* SignUpFeature.swift in Sources */ = {isa = PBXBuildFile; fileRef = 7B592ECD2C0EE30700E47797 /* SignUpFeature.swift */; };
		7B592ED02C0F089700E47797 /* DefaultTextFieldViewModifier.swift in Sources */ = {isa = PBXBuildFile; fileRef = 7B592ECF2C0F089700E47797 /* DefaultTextFieldViewModifier.swift */; };
		7B592ED32C0F08F600E47797 /* HeaderTextField.swift in Sources */ = {isa = PBXBuildFile; fileRef = 7B592ED22C0F08F600E47797 /* HeaderTextField.swift */; };
		7B592ED72C0F1A8F00E47797 /* UserRegModel.swift in Sources */ = {isa = PBXBuildFile; fileRef = 7B592ED62C0F1A8F00E47797 /* UserRegModel.swift */; };
		7B592ED92C0F2C7600E47797 /* TextValid.swift in Sources */ = {isa = PBXBuildFile; fileRef = 7B592ED82C0F2C7600E47797 /* TextValid.swift */; };
		7B592EDB2C0F2CC100E47797 /* TextValidation.swift in Sources */ = {isa = PBXBuildFile; fileRef = 7B592EDA2C0F2CC100E47797 /* TextValidation.swift */; };
		7B5AEB042C10539200D10330 /* ComposableArchitecture in Frameworks */ = {isa = PBXBuildFile; productRef = 7B5AEB032C10539200D10330 /* ComposableArchitecture */; };
		7B5AEB072C108FCB00D10330 /* PopupView in Frameworks */ = {isa = PBXBuildFile; productRef = 7B5AEB062C108FCB00D10330 /* PopupView */; };
		7B5AEB0C2C1098C800D10330 /* BottomToastColorView.swift in Sources */ = {isa = PBXBuildFile; fileRef = 7B5AEB0B2C1098C800D10330 /* BottomToastColorView.swift */; };
/* End PBXBuildFile section */

/* Begin PBXFileReference section */
		7B592E812C0E251F00E47797 /* WorkSpaceX.app */ = {isa = PBXFileReference; explicitFileType = wrapper.application; includeInIndex = 0; path = WorkSpaceX.app; sourceTree = BUILT_PRODUCTS_DIR; };
		7B592E842C0E251F00E47797 /* WorkSpaceXApp.swift */ = {isa = PBXFileReference; lastKnownFileType = sourcecode.swift; path = WorkSpaceXApp.swift; sourceTree = "<group>"; };
		7B592E882C0E252000E47797 /* Assets.xcassets */ = {isa = PBXFileReference; lastKnownFileType = folder.assetcatalog; path = Assets.xcassets; sourceTree = "<group>"; };
		7B592E8B2C0E252000E47797 /* Preview Assets.xcassets */ = {isa = PBXFileReference; lastKnownFileType = folder.assetcatalog; path = "Preview Assets.xcassets"; sourceTree = "<group>"; };
		7B592E922C0E255F00E47797 /* .gitignore */ = {isa = PBXFileReference; lastKnownFileType = text; path = .gitignore; sourceTree = "<group>"; };
		7B592E9A2C0E274D00E47797 /* APIKey.swift */ = {isa = PBXFileReference; lastKnownFileType = sourcecode.swift; path = APIKey.swift; sourceTree = "<group>"; };
		7B592E9E2C0E27E800E47797 /* ButtonWrapper.swift */ = {isa = PBXFileReference; lastKnownFileType = sourcecode.swift; path = ButtonWrapper.swift; sourceTree = "<group>"; };
		7B592EA02C0E283D00E47797 /* Const.swift */ = {isa = PBXFileReference; lastKnownFileType = sourcecode.swift; path = Const.swift; sourceTree = "<group>"; };
		7B592EA32C0E289C00E47797 /* SplashView.swift */ = {isa = PBXFileReference; lastKnownFileType = sourcecode.swift; path = SplashView.swift; sourceTree = "<group>"; };
		7B592EA72C0E28E700E47797 /* WSXFont.swift */ = {isa = PBXFileReference; lastKnownFileType = sourcecode.swift; path = WSXFont.swift; sourceTree = "<group>"; };
		7B592EA92C0E294200E47797 /* WSXImage.swift */ = {isa = PBXFileReference; lastKnownFileType = sourcecode.swift; path = WSXImage.swift; sourceTree = "<group>"; };
		7B592EB72C0EC3EA00E47797 /* RootView.swift */ = {isa = PBXFileReference; lastKnownFileType = sourcecode.swift; path = RootView.swift; sourceTree = "<group>"; };
		7B592EB92C0EC45C00E47797 /* OnboardingView.swift */ = {isa = PBXFileReference; lastKnownFileType = sourcecode.swift; path = OnboardingView.swift; sourceTree = "<group>"; };
		7B592EBB2C0EC5C900E47797 /* WSXColor.swift */ = {isa = PBXFileReference; lastKnownFileType = sourcecode.swift; path = WSXColor.swift; sourceTree = "<group>"; };
		7B592EBE2C0EC98C00E47797 /* StartButtonModifier.swift */ = {isa = PBXFileReference; lastKnownFileType = sourcecode.swift; path = StartButtonModifier.swift; sourceTree = "<group>"; };
		7B592EC02C0ECA8900E47797 /* OnboardingLoginView .swift */ = {isa = PBXFileReference; lastKnownFileType = sourcecode.swift; path = "OnboardingLoginView .swift"; sourceTree = "<group>"; };
		7B592EC22C0ECDDC00E47797 /* CommonButtonModifer.swift */ = {isa = PBXFileReference; lastKnownFileType = sourcecode.swift; path = CommonButtonModifer.swift; sourceTree = "<group>"; };
		7B592EC42C0ECFB700E47797 /* OnboardingFeature.swift */ = {isa = PBXFileReference; lastKnownFileType = sourcecode.swift; path = OnboardingFeature.swift; sourceTree = "<group>"; };
		7B592EC62C0ED14000E47797 /* OnboardingLoginFeature.swift */ = {isa = PBXFileReference; lastKnownFileType = sourcecode.swift; path = OnboardingLoginFeature.swift; sourceTree = "<group>"; };
		7B592EC92C0EE13200E47797 /* SignUpView.swift */ = {isa = PBXFileReference; lastKnownFileType = sourcecode.swift; path = SignUpView.swift; sourceTree = "<group>"; };
		7B592ECD2C0EE30700E47797 /* SignUpFeature.swift */ = {isa = PBXFileReference; lastKnownFileType = sourcecode.swift; path = SignUpFeature.swift; sourceTree = "<group>"; };
		7B592ECF2C0F089700E47797 /* DefaultTextFieldViewModifier.swift */ = {isa = PBXFileReference; lastKnownFileType = sourcecode.swift; path = DefaultTextFieldViewModifier.swift; sourceTree = "<group>"; };
		7B592ED22C0F08F600E47797 /* HeaderTextField.swift */ = {isa = PBXFileReference; lastKnownFileType = sourcecode.swift; path = HeaderTextField.swift; sourceTree = "<group>"; };
		7B592ED62C0F1A8F00E47797 /* UserRegModel.swift */ = {isa = PBXFileReference; lastKnownFileType = sourcecode.swift; path = UserRegModel.swift; sourceTree = "<group>"; };
		7B592ED82C0F2C7600E47797 /* TextValid.swift */ = {isa = PBXFileReference; lastKnownFileType = sourcecode.swift; path = TextValid.swift; sourceTree = "<group>"; };
		7B592EDA2C0F2CC100E47797 /* TextValidation.swift */ = {isa = PBXFileReference; lastKnownFileType = sourcecode.swift; path = TextValidation.swift; sourceTree = "<group>"; };
		7B5AEB0B2C1098C800D10330 /* BottomToastColorView.swift */ = {isa = PBXFileReference; lastKnownFileType = sourcecode.swift; path = BottomToastColorView.swift; sourceTree = "<group>"; };
/* End PBXFileReference section */

/* Begin PBXFrameworksBuildPhase section */
		7B592E7E2C0E251F00E47797 /* Frameworks */ = {
			isa = PBXFrameworksBuildPhase;
			buildActionMask = 2147483647;
			files = (
				7B5AEB072C108FCB00D10330 /* PopupView in Frameworks */,
				7B5AEB042C10539200D10330 /* ComposableArchitecture in Frameworks */,
			);
			runOnlyForDeploymentPostprocessing = 0;
		};
/* End PBXFrameworksBuildPhase section */

/* Begin PBXGroup section */
		7B592E782C0E251F00E47797 = {
			isa = PBXGroup;
			children = (
				7B592E922C0E255F00E47797 /* .gitignore */,
				7B592E832C0E251F00E47797 /* WorkSpaceX */,
				7B592E822C0E251F00E47797 /* Products */,
			);
			sourceTree = "<group>";
		};
		7B592E822C0E251F00E47797 /* Products */ = {
			isa = PBXGroup;
			children = (
				7B592E812C0E251F00E47797 /* WorkSpaceX.app */,
			);
			name = Products;
			sourceTree = "<group>";
		};
		7B592E832C0E251F00E47797 /* WorkSpaceX */ = {
			isa = PBXGroup;
			children = (
				7B592E962C0E26AA00E47797 /* Secret */,
				7B592E952C0E266E00E47797 /* Resources */,
				7B592E942C0E266100E47797 /* Sources */,
				7B592E842C0E251F00E47797 /* WorkSpaceXApp.swift */,
				7B592E8A2C0E252000E47797 /* Preview Content */,
			);
			path = WorkSpaceX;
			sourceTree = "<group>";
		};
		7B592E8A2C0E252000E47797 /* Preview Content */ = {
			isa = PBXGroup;
			children = (
				7B592E8B2C0E252000E47797 /* Preview Assets.xcassets */,
			);
			path = "Preview Content";
			sourceTree = "<group>";
		};
		7B592E942C0E266100E47797 /* Sources */ = {
			isa = PBXGroup;
			children = (
				7B592ED42C0F1A7800E47797 /* Model */,
				7B592EA52C0E28B500E47797 /* Design */,
				7B592E9C2C0E27B300E47797 /* Views */,
				7B592EA02C0E283D00E47797 /* Const.swift */,
			);
			path = Sources;
			sourceTree = "<group>";
		};
		7B592E952C0E266E00E47797 /* Resources */ = {
			isa = PBXGroup;
			children = (
				7B592E992C0E26F200E47797 /* Manager */,
				7B592E882C0E252000E47797 /* Assets.xcassets */,
			);
			path = Resources;
			sourceTree = "<group>";
		};
		7B592E962C0E26AA00E47797 /* Secret */ = {
			isa = PBXGroup;
			children = (
				7B592E9A2C0E274D00E47797 /* APIKey.swift */,
			);
			path = Secret;
			sourceTree = "<group>";
		};
		7B592E992C0E26F200E47797 /* Manager */ = {
			isa = PBXGroup;
			children = (
				7B592ED82C0F2C7600E47797 /* TextValid.swift */,
				7B592EDA2C0F2CC100E47797 /* TextValidation.swift */,
			);
			path = Manager;
			sourceTree = "<group>";
		};
		7B592E9C2C0E27B300E47797 /* Views */ = {
			isa = PBXGroup;
			children = (
				7B5AEB082C10907300D10330 /* Toast */,
				7B592EB62C0EC3D100E47797 /* OnBoard */,
				7B592EA22C0E288200E47797 /* Splash */,
				7B592E9D2C0E27DF00E47797 /* Wrapper */,
			);
			path = Views;
			sourceTree = "<group>";
		};
		7B592E9D2C0E27DF00E47797 /* Wrapper */ = {
			isa = PBXGroup;
			children = (
				7B592E9E2C0E27E800E47797 /* ButtonWrapper.swift */,
			);
			path = Wrapper;
			sourceTree = "<group>";
		};
		7B592EA22C0E288200E47797 /* Splash */ = {
			isa = PBXGroup;
			children = (
				7B592EA32C0E289C00E47797 /* SplashView.swift */,
				7B592EB72C0EC3EA00E47797 /* RootView.swift */,
			);
			path = Splash;
			sourceTree = "<group>";
		};
		7B592EA52C0E28B500E47797 /* Design */ = {
			isa = PBXGroup;
			children = (
				7B592ED12C0F08EB00E47797 /* TextField */,
				7B592EBD2C0EC97100E47797 /* Modifer */,
				7B592EA62C0E28D200E47797 /* WSX */,
			);
			path = Design;
			sourceTree = "<group>";
		};
		7B592EA62C0E28D200E47797 /* WSX */ = {
			isa = PBXGroup;
			children = (
				7B592EA72C0E28E700E47797 /* WSXFont.swift */,
				7B592EA92C0E294200E47797 /* WSXImage.swift */,
				7B592EBB2C0EC5C900E47797 /* WSXColor.swift */,
			);
			path = WSX;
			sourceTree = "<group>";
		};
		7B592EB62C0EC3D100E47797 /* OnBoard */ = {
			isa = PBXGroup;
			children = (
				7B592EC82C0EE11B00E47797 /* SignUp */,
				7B592EB92C0EC45C00E47797 /* OnboardingView.swift */,
				7B592EC02C0ECA8900E47797 /* OnboardingLoginView .swift */,
				7B592EC42C0ECFB700E47797 /* OnboardingFeature.swift */,
				7B592EC62C0ED14000E47797 /* OnboardingLoginFeature.swift */,
			);
			path = OnBoard;
			sourceTree = "<group>";
		};
		7B592EBD2C0EC97100E47797 /* Modifer */ = {
			isa = PBXGroup;
			children = (
				7B592EBE2C0EC98C00E47797 /* StartButtonModifier.swift */,
				7B592EC22C0ECDDC00E47797 /* CommonButtonModifer.swift */,
				7B592ECF2C0F089700E47797 /* DefaultTextFieldViewModifier.swift */,
			);
			path = Modifer;
			sourceTree = "<group>";
		};
		7B592EC82C0EE11B00E47797 /* SignUp */ = {
			isa = PBXGroup;
			children = (
				7B592EC92C0EE13200E47797 /* SignUpView.swift */,
				7B592ECD2C0EE30700E47797 /* SignUpFeature.swift */,
			);
			path = SignUp;
			sourceTree = "<group>";
		};
		7B592ED12C0F08EB00E47797 /* TextField */ = {
			isa = PBXGroup;
			children = (
				7B592ED22C0F08F600E47797 /* HeaderTextField.swift */,
			);
			path = TextField;
			sourceTree = "<group>";
		};
		7B592ED42C0F1A7800E47797 /* Model */ = {
			isa = PBXGroup;
			children = (
				7B592ED52C0F1A7F00E47797 /* SignUp */,
			);
			path = Model;
			sourceTree = "<group>";
		};
		7B592ED52C0F1A7F00E47797 /* SignUp */ = {
			isa = PBXGroup;
			children = (
				7B592ED62C0F1A8F00E47797 /* UserRegModel.swift */,
			);
			path = SignUp;
			sourceTree = "<group>";
		};
		7B5AEB082C10907300D10330 /* Toast */ = {
			isa = PBXGroup;
			children = (
				7B5AEB0B2C1098C800D10330 /* BottomToastColorView.swift */,
			);
			path = Toast;
			sourceTree = "<group>";
		};
/* End PBXGroup section */

/* Begin PBXNativeTarget section */
		7B592E802C0E251F00E47797 /* WorkSpaceX */ = {
			isa = PBXNativeTarget;
			buildConfigurationList = 7B592E8F2C0E252000E47797 /* Build configuration list for PBXNativeTarget "WorkSpaceX" */;
			buildPhases = (
				7B592E7D2C0E251F00E47797 /* Sources */,
				7B592E7E2C0E251F00E47797 /* Frameworks */,
				7B592E7F2C0E251F00E47797 /* Resources */,
			);
			buildRules = (
			);
			dependencies = (
			);
			name = WorkSpaceX;
			packageProductDependencies = (
				7B5AEB032C10539200D10330 /* ComposableArchitecture */,
				7B5AEB062C108FCB00D10330 /* PopupView */,
			);
			productName = WorkSpaceX;
			productReference = 7B592E812C0E251F00E47797 /* WorkSpaceX.app */;
			productType = "com.apple.product-type.application";
		};
/* End PBXNativeTarget section */

/* Begin PBXProject section */
		7B592E792C0E251F00E47797 /* Project object */ = {
			isa = PBXProject;
			attributes = {
				BuildIndependentTargetsInParallel = 1;
				LastSwiftUpdateCheck = 1530;
				LastUpgradeCheck = 1530;
				TargetAttributes = {
					7B592E802C0E251F00E47797 = {
						CreatedOnToolsVersion = 15.3;
					};
				};
			};
			buildConfigurationList = 7B592E7C2C0E251F00E47797 /* Build configuration list for PBXProject "WorkSpaceX" */;
			compatibilityVersion = "Xcode 14.0";
			developmentRegion = en;
			hasScannedForEncodings = 0;
			knownRegions = (
				en,
				Base,
			);
			mainGroup = 7B592E782C0E251F00E47797;
			packageReferences = (
				7B5AEB022C10539200D10330 /* XCRemoteSwiftPackageReference "swift-composable-architecture" */,
				7B5AEB052C108FCB00D10330 /* XCRemoteSwiftPackageReference "PopupView" */,
			);
			productRefGroup = 7B592E822C0E251F00E47797 /* Products */;
			projectDirPath = "";
			projectRoot = "";
			targets = (
				7B592E802C0E251F00E47797 /* WorkSpaceX */,
			);
		};
/* End PBXProject section */

/* Begin PBXResourcesBuildPhase section */
		7B592E7F2C0E251F00E47797 /* Resources */ = {
			isa = PBXResourcesBuildPhase;
			buildActionMask = 2147483647;
			files = (
				7B592E8C2C0E252000E47797 /* Preview Assets.xcassets in Resources */,
				7B592E932C0E255F00E47797 /* .gitignore in Resources */,
				7B592E892C0E252000E47797 /* Assets.xcassets in Resources */,
			);
			runOnlyForDeploymentPostprocessing = 0;
		};
/* End PBXResourcesBuildPhase section */

/* Begin PBXSourcesBuildPhase section */
		7B592E7D2C0E251F00E47797 /* Sources */ = {
			isa = PBXSourcesBuildPhase;
			buildActionMask = 2147483647;
			files = (
				7B592EC52C0ECFB700E47797 /* OnboardingFeature.swift in Sources */,
				7B592EC12C0ECA8900E47797 /* OnboardingLoginView .swift in Sources */,
				7B592EBC2C0EC5C900E47797 /* WSXColor.swift in Sources */,
				7B592E9B2C0E274D00E47797 /* APIKey.swift in Sources */,
				7B592E852C0E251F00E47797 /* WorkSpaceXApp.swift in Sources */,
				7B592EDB2C0F2CC100E47797 /* TextValidation.swift in Sources */,
				7B592ED32C0F08F600E47797 /* HeaderTextField.swift in Sources */,
				7B592EC32C0ECDDC00E47797 /* CommonButtonModifer.swift in Sources */,
				7B592E9F2C0E27E800E47797 /* ButtonWrapper.swift in Sources */,
				7B592EA12C0E283D00E47797 /* Const.swift in Sources */,
				7B592EBF2C0EC98C00E47797 /* StartButtonModifier.swift in Sources */,
				7B5AEB0C2C1098C800D10330 /* BottomToastColorView.swift in Sources */,
				7B592ED02C0F089700E47797 /* DefaultTextFieldViewModifier.swift in Sources */,
				7B592EB82C0EC3EA00E47797 /* RootView.swift in Sources */,
				7B592EA82C0E28E700E47797 /* WSXFont.swift in Sources */,
				7B592ECA2C0EE13200E47797 /* SignUpView.swift in Sources */,
				7B592EBA2C0EC45C00E47797 /* OnboardingView.swift in Sources */,
				7B592ED72C0F1A8F00E47797 /* UserRegModel.swift in Sources */,
				7B592ECE2C0EE30700E47797 /* SignUpFeature.swift in Sources */,
				7B592EAA2C0E294200E47797 /* WSXImage.swift in Sources */,
				7B592EA42C0E289C00E47797 /* SplashView.swift in Sources */,
				7B592ED92C0F2C7600E47797 /* TextValid.swift in Sources */,
				7B592EC72C0ED14000E47797 /* OnboardingLoginFeature.swift in Sources */,
			);
			runOnlyForDeploymentPostprocessing = 0;
		};
/* End PBXSourcesBuildPhase section */

/* Begin XCBuildConfiguration section */
		7B592E8D2C0E252000E47797 /* Debug */ = {
			isa = XCBuildConfiguration;
			buildSettings = {
				ALWAYS_SEARCH_USER_PATHS = NO;
				ASSETCATALOG_COMPILER_GENERATE_SWIFT_ASSET_SYMBOL_EXTENSIONS = YES;
				CLANG_ANALYZER_NONNULL = YES;
				CLANG_ANALYZER_NUMBER_OBJECT_CONVERSION = YES_AGGRESSIVE;
				CLANG_CXX_LANGUAGE_STANDARD = "gnu++20";
				CLANG_ENABLE_MODULES = YES;
				CLANG_ENABLE_OBJC_ARC = YES;
				CLANG_ENABLE_OBJC_WEAK = YES;
				CLANG_WARN_BLOCK_CAPTURE_AUTORELEASING = YES;
				CLANG_WARN_BOOL_CONVERSION = YES;
				CLANG_WARN_COMMA = YES;
				CLANG_WARN_CONSTANT_CONVERSION = YES;
				CLANG_WARN_DEPRECATED_OBJC_IMPLEMENTATIONS = YES;
				CLANG_WARN_DIRECT_OBJC_ISA_USAGE = YES_ERROR;
				CLANG_WARN_DOCUMENTATION_COMMENTS = YES;
				CLANG_WARN_EMPTY_BODY = YES;
				CLANG_WARN_ENUM_CONVERSION = YES;
				CLANG_WARN_INFINITE_RECURSION = YES;
				CLANG_WARN_INT_CONVERSION = YES;
				CLANG_WARN_NON_LITERAL_NULL_CONVERSION = YES;
				CLANG_WARN_OBJC_IMPLICIT_RETAIN_SELF = YES;
				CLANG_WARN_OBJC_LITERAL_CONVERSION = YES;
				CLANG_WARN_OBJC_ROOT_CLASS = YES_ERROR;
				CLANG_WARN_QUOTED_INCLUDE_IN_FRAMEWORK_HEADER = YES;
				CLANG_WARN_RANGE_LOOP_ANALYSIS = YES;
				CLANG_WARN_STRICT_PROTOTYPES = YES;
				CLANG_WARN_SUSPICIOUS_MOVE = YES;
				CLANG_WARN_UNGUARDED_AVAILABILITY = YES_AGGRESSIVE;
				CLANG_WARN_UNREACHABLE_CODE = YES;
				CLANG_WARN__DUPLICATE_METHOD_MATCH = YES;
				COPY_PHASE_STRIP = NO;
				DEBUG_INFORMATION_FORMAT = dwarf;
				ENABLE_STRICT_OBJC_MSGSEND = YES;
				ENABLE_TESTABILITY = YES;
				ENABLE_USER_SCRIPT_SANDBOXING = YES;
				GCC_C_LANGUAGE_STANDARD = gnu17;
				GCC_DYNAMIC_NO_PIC = NO;
				GCC_NO_COMMON_BLOCKS = YES;
				GCC_OPTIMIZATION_LEVEL = 0;
				GCC_PREPROCESSOR_DEFINITIONS = (
					"DEBUG=1",
					"$(inherited)",
				);
				GCC_WARN_64_TO_32_BIT_CONVERSION = YES;
				GCC_WARN_ABOUT_RETURN_TYPE = YES_ERROR;
				GCC_WARN_UNDECLARED_SELECTOR = YES;
				GCC_WARN_UNINITIALIZED_AUTOS = YES_AGGRESSIVE;
				GCC_WARN_UNUSED_FUNCTION = YES;
				GCC_WARN_UNUSED_VARIABLE = YES;
				IPHONEOS_DEPLOYMENT_TARGET = 17.4;
				LOCALIZATION_PREFERS_STRING_CATALOGS = YES;
				MTL_ENABLE_DEBUG_INFO = INCLUDE_SOURCE;
				MTL_FAST_MATH = YES;
				ONLY_ACTIVE_ARCH = YES;
				SDKROOT = iphoneos;
				SWIFT_ACTIVE_COMPILATION_CONDITIONS = "DEBUG $(inherited)";
				SWIFT_OPTIMIZATION_LEVEL = "-Onone";
			};
			name = Debug;
		};
		7B592E8E2C0E252000E47797 /* Release */ = {
			isa = XCBuildConfiguration;
			buildSettings = {
				ALWAYS_SEARCH_USER_PATHS = NO;
				ASSETCATALOG_COMPILER_GENERATE_SWIFT_ASSET_SYMBOL_EXTENSIONS = YES;
				CLANG_ANALYZER_NONNULL = YES;
				CLANG_ANALYZER_NUMBER_OBJECT_CONVERSION = YES_AGGRESSIVE;
				CLANG_CXX_LANGUAGE_STANDARD = "gnu++20";
				CLANG_ENABLE_MODULES = YES;
				CLANG_ENABLE_OBJC_ARC = YES;
				CLANG_ENABLE_OBJC_WEAK = YES;
				CLANG_WARN_BLOCK_CAPTURE_AUTORELEASING = YES;
				CLANG_WARN_BOOL_CONVERSION = YES;
				CLANG_WARN_COMMA = YES;
				CLANG_WARN_CONSTANT_CONVERSION = YES;
				CLANG_WARN_DEPRECATED_OBJC_IMPLEMENTATIONS = YES;
				CLANG_WARN_DIRECT_OBJC_ISA_USAGE = YES_ERROR;
				CLANG_WARN_DOCUMENTATION_COMMENTS = YES;
				CLANG_WARN_EMPTY_BODY = YES;
				CLANG_WARN_ENUM_CONVERSION = YES;
				CLANG_WARN_INFINITE_RECURSION = YES;
				CLANG_WARN_INT_CONVERSION = YES;
				CLANG_WARN_NON_LITERAL_NULL_CONVERSION = YES;
				CLANG_WARN_OBJC_IMPLICIT_RETAIN_SELF = YES;
				CLANG_WARN_OBJC_LITERAL_CONVERSION = YES;
				CLANG_WARN_OBJC_ROOT_CLASS = YES_ERROR;
				CLANG_WARN_QUOTED_INCLUDE_IN_FRAMEWORK_HEADER = YES;
				CLANG_WARN_RANGE_LOOP_ANALYSIS = YES;
				CLANG_WARN_STRICT_PROTOTYPES = YES;
				CLANG_WARN_SUSPICIOUS_MOVE = YES;
				CLANG_WARN_UNGUARDED_AVAILABILITY = YES_AGGRESSIVE;
				CLANG_WARN_UNREACHABLE_CODE = YES;
				CLANG_WARN__DUPLICATE_METHOD_MATCH = YES;
				COPY_PHASE_STRIP = NO;
				DEBUG_INFORMATION_FORMAT = "dwarf-with-dsym";
				ENABLE_NS_ASSERTIONS = NO;
				ENABLE_STRICT_OBJC_MSGSEND = YES;
				ENABLE_USER_SCRIPT_SANDBOXING = YES;
				GCC_C_LANGUAGE_STANDARD = gnu17;
				GCC_NO_COMMON_BLOCKS = YES;
				GCC_WARN_64_TO_32_BIT_CONVERSION = YES;
				GCC_WARN_ABOUT_RETURN_TYPE = YES_ERROR;
				GCC_WARN_UNDECLARED_SELECTOR = YES;
				GCC_WARN_UNINITIALIZED_AUTOS = YES_AGGRESSIVE;
				GCC_WARN_UNUSED_FUNCTION = YES;
				GCC_WARN_UNUSED_VARIABLE = YES;
				IPHONEOS_DEPLOYMENT_TARGET = 17.4;
				LOCALIZATION_PREFERS_STRING_CATALOGS = YES;
				MTL_ENABLE_DEBUG_INFO = NO;
				MTL_FAST_MATH = YES;
				SDKROOT = iphoneos;
				SWIFT_COMPILATION_MODE = wholemodule;
				VALIDATE_PRODUCT = YES;
			};
			name = Release;
		};
		7B592E902C0E252000E47797 /* Debug */ = {
			isa = XCBuildConfiguration;
			buildSettings = {
				ASSETCATALOG_COMPILER_APPICON_NAME = AppIcon;
				ASSETCATALOG_COMPILER_GLOBAL_ACCENT_COLOR_NAME = AccentColor;
				CODE_SIGN_STYLE = Automatic;
				CURRENT_PROJECT_VERSION = 1;
				DEVELOPMENT_ASSET_PATHS = "\"WorkSpaceX/Preview Content\"";
				DEVELOPMENT_TEAM = H25F4B7J4U;
				ENABLE_PREVIEWS = YES;
				GENERATE_INFOPLIST_FILE = YES;
				INFOPLIST_KEY_UIApplicationSceneManifest_Generation = YES;
				INFOPLIST_KEY_UIApplicationSupportsIndirectInputEvents = YES;
				INFOPLIST_KEY_UILaunchScreen_Generation = YES;
				INFOPLIST_KEY_UISupportedInterfaceOrientations_iPad = "UIInterfaceOrientationPortrait UIInterfaceOrientationPortraitUpsideDown UIInterfaceOrientationLandscapeLeft UIInterfaceOrientationLandscapeRight";
				INFOPLIST_KEY_UISupportedInterfaceOrientations_iPhone = "UIInterfaceOrientationPortrait UIInterfaceOrientationLandscapeLeft UIInterfaceOrientationLandscapeRight";
				IPHONEOS_DEPLOYMENT_TARGET = 16.0;
				LD_RUNPATH_SEARCH_PATHS = (
					"$(inherited)",
					"@executable_path/Frameworks",
				);
				MARKETING_VERSION = 1.0;
				PRODUCT_BUNDLE_IDENTIFIER = LittleTail.WorkSpaceX;
				PRODUCT_NAME = "$(TARGET_NAME)";
				SUPPORTED_PLATFORMS = "iphoneos iphonesimulator";
				SUPPORTS_MACCATALYST = NO;
				SUPPORTS_MAC_DESIGNED_FOR_IPHONE_IPAD = NO;
				SUPPORTS_XR_DESIGNED_FOR_IPHONE_IPAD = NO;
				SWIFT_EMIT_LOC_STRINGS = YES;
				SWIFT_VERSION = 5.0;
				TARGETED_DEVICE_FAMILY = 1;
			};
			name = Debug;
		};
		7B592E912C0E252000E47797 /* Release */ = {
			isa = XCBuildConfiguration;
			buildSettings = {
				ASSETCATALOG_COMPILER_APPICON_NAME = AppIcon;
				ASSETCATALOG_COMPILER_GLOBAL_ACCENT_COLOR_NAME = AccentColor;
				CODE_SIGN_STYLE = Automatic;
				CURRENT_PROJECT_VERSION = 1;
				DEVELOPMENT_ASSET_PATHS = "\"WorkSpaceX/Preview Content\"";
				DEVELOPMENT_TEAM = H25F4B7J4U;
				ENABLE_PREVIEWS = YES;
				GENERATE_INFOPLIST_FILE = YES;
				INFOPLIST_KEY_UIApplicationSceneManifest_Generation = YES;
				INFOPLIST_KEY_UIApplicationSupportsIndirectInputEvents = YES;
				INFOPLIST_KEY_UILaunchScreen_Generation = YES;
				INFOPLIST_KEY_UISupportedInterfaceOrientations_iPad = "UIInterfaceOrientationPortrait UIInterfaceOrientationPortraitUpsideDown UIInterfaceOrientationLandscapeLeft UIInterfaceOrientationLandscapeRight";
				INFOPLIST_KEY_UISupportedInterfaceOrientations_iPhone = "UIInterfaceOrientationPortrait UIInterfaceOrientationLandscapeLeft UIInterfaceOrientationLandscapeRight";
				IPHONEOS_DEPLOYMENT_TARGET = 16.0;
				LD_RUNPATH_SEARCH_PATHS = (
					"$(inherited)",
					"@executable_path/Frameworks",
				);
				MARKETING_VERSION = 1.0;
				PRODUCT_BUNDLE_IDENTIFIER = LittleTail.WorkSpaceX;
				PRODUCT_NAME = "$(TARGET_NAME)";
				SUPPORTED_PLATFORMS = "iphoneos iphonesimulator";
				SUPPORTS_MACCATALYST = NO;
				SUPPORTS_MAC_DESIGNED_FOR_IPHONE_IPAD = NO;
				SUPPORTS_XR_DESIGNED_FOR_IPHONE_IPAD = NO;
				SWIFT_EMIT_LOC_STRINGS = YES;
				SWIFT_VERSION = 5.0;
				TARGETED_DEVICE_FAMILY = 1;
			};
			name = Release;
		};
/* End XCBuildConfiguration section */

/* Begin XCConfigurationList section */
		7B592E7C2C0E251F00E47797 /* Build configuration list for PBXProject "WorkSpaceX" */ = {
			isa = XCConfigurationList;
			buildConfigurations = (
				7B592E8D2C0E252000E47797 /* Debug */,
				7B592E8E2C0E252000E47797 /* Release */,
			);
			defaultConfigurationIsVisible = 0;
			defaultConfigurationName = Release;
		};
		7B592E8F2C0E252000E47797 /* Build configuration list for PBXNativeTarget "WorkSpaceX" */ = {
			isa = XCConfigurationList;
			buildConfigurations = (
				7B592E902C0E252000E47797 /* Debug */,
				7B592E912C0E252000E47797 /* Release */,
			);
			defaultConfigurationIsVisible = 0;
			defaultConfigurationName = Release;
		};
/* End XCConfigurationList section */

/* Begin XCRemoteSwiftPackageReference section */
		7B5AEB022C10539200D10330 /* XCRemoteSwiftPackageReference "swift-composable-architecture" */ = {
			isa = XCRemoteSwiftPackageReference;
			repositoryURL = "https://github.com/pointfreeco/swift-composable-architecture.git";
			requirement = {
				kind = upToNextMajorVersion;
				minimumVersion = 1.10.3;
			};
		};
		7B5AEB052C108FCB00D10330 /* XCRemoteSwiftPackageReference "PopupView" */ = {
			isa = XCRemoteSwiftPackageReference;
			repositoryURL = "https://github.com/exyte/PopupView";
			requirement = {
				kind = upToNextMajorVersion;
				minimumVersion = 2.10.1;
			};
		};
/* End XCRemoteSwiftPackageReference section */

/* Begin XCSwiftPackageProductDependency section */
		7B5AEB032C10539200D10330 /* ComposableArchitecture */ = {
			isa = XCSwiftPackageProductDependency;
			package = 7B5AEB022C10539200D10330 /* XCRemoteSwiftPackageReference "swift-composable-architecture" */;
			productName = ComposableArchitecture;
		};
		7B5AEB062C108FCB00D10330 /* PopupView */ = {
			isa = XCSwiftPackageProductDependency;
			package = 7B5AEB052C108FCB00D10330 /* XCRemoteSwiftPackageReference "PopupView" */;
			productName = PopupView;
		};
/* End XCSwiftPackageProductDependency section */
	};
	rootObject = 7B592E792C0E251F00E47797 /* Project object */;
}
